
Microsoft Visual Studio Solution File, Format Version 12.00
# Visual Studio 14
VisualStudioVersion = 14.0.25420.1
MinimumVisualStudioVersion = 10.0.40219.1
Project("{FAE04EC0-301F-11D3-BF4B-00C04F79EFBC}") = "Main Screen", "Main Screen\Main Screen.csproj", "{9806C233-E369-4323-87B8-7BA1559924B9}"
EndProject
Project("{FAE04EC0-301F-11D3-BF4B-00C04F79EFBC}") = "BombLibrary", "WireLibrary\BombLibrary.csproj", "{8CB9184C-7617-4937-96DD-07063E2C5EFF}"
EndProject
Global
	GlobalSection(SolutionConfigurationPlatforms) = preSolution
		Debug|Any CPU = Debug|Any CPU
		Release|Any CPU = Release|Any CPU
	EndGlobalSection
	GlobalSection(ProjectConfigurationPlatforms) = postSolution
		{9806C233-E369-4323-87B8-7BA1559924B9}.Debug|Any CPU.ActiveCfg = Debug|Any CPU
		{9806C233-E369-4323-87B8-7BA1559924B9}.Debug|Any CPU.Build.0 = Debug|Any CPU
		{9806C233-E369-4323-87B8-7BA1559924B9}.Release|Any CPU.ActiveCfg = Release|Any CPU
		{9806C233-E369-4323-87B8-7BA1559924B9}.Release|Any CPU.Build.0 = Release|Any CPU
		{8CB9184C-7617-4937-96DD-07063E2C5EFF}.Debug|Any CPU.ActiveCfg = Debug|Any CPU
		{8CB9184C-7617-4937-96DD-07063E2C5EFF}.Debug|Any CPU.Build.0 = Debug|Any CPU
		{8CB9184C-7617-4937-96DD-07063E2C5EFF}.Release|Any CPU.ActiveCfg = Release|Any CPU
		{8CB9184C-7617-4937-96DD-07063E2C5EFF}.Release|Any CPU.Build.0 = Release|Any CPU
	EndGlobalSection
	GlobalSection(SolutionProperties) = preSolution
		HideSolutionNode = FALSE
	EndGlobalSection
EndGlobal
